# This file is automatically @generated by Cargo.
# It is not intended for manual editing.
version = 4

[[package]]
name = "alloc-no-stdlib"
version = "2.0.4"
source = "registry+https://github.com/rust-lang/crates.io-index"
checksum = "cc7bb162ec39d46ab1ca8c77bf72e890535becd1751bb45f64c597edb4c8c6b3"

[[package]]
name = "alloc-stdlib"
version = "0.2.4"
source = "registry+https://github.com/rust-lang/crates.io-index"
checksum = "0e76a019e91224d279006ff972f1e984179a6e9feb050adba6ce8274aef23195"
dependencies = [
 "alloc-no-stdlib",
]

[[package]]
name = "anyhow"
version = "1.0.104"
source = "registry+https://github.com/rust-lang/crates.io-index"
checksum = "330a5ed07fa54e4702c9d6c4174f74427fc0ef6e214bbd677ae50a5099946470"

[[package]]
name = "brotli"
version = "7.0.0"
source = "registry+https://github.com/rust-lang/crates.io-index"
checksum = "cc97b8f16f944bba54f0433f07e30be199b6dc2bd25937444bbad560bcea29bd"
dependencies = [
 "alloc-no-stdlib",
 "alloc-stdlib",
 "brotli-decompressor",
]

[[package]]
name = "brotli-decompressor"
version = "4.0.3"
source = "registry+https://github.com/rust-lang/crates.io-index"
checksum = "a334ef7c9e23abf0ce748e8cd309037da93e606ad52eb372e4ce327a0dcfbdfd"
dependencies = [
 "alloc-no-stdlib",
 "alloc-stdlib",
]

[[package]]
name = "cc"
version = "1.4.0"
source = "registry+https://github.com/rust-lang/crates.io-index"
checksum = "5add81bb678e6cb321aff7fa0dc7689ad82b112dbc032cea19f91d6b8e3582b9"
dependencies = [
 "find-msvc-tools",
 "shlex",
]

[[package]]
name = "find-msvc-tools"
version = "0.1.9"
source = "registry+https://github.com/rust-lang/crates.io-index"
checksum = "5baebc0774151f905a1a2cc41989300b1e6fbb29aff0ceffa1064fdd3088d582"

[[package]]
name = "novella_rs"
version = "0.1.0"
dependencies = [
 "anyhow",
 "ttf-parser",
 "woofwoof",
]

[[package]]
name = "shlex"
version = "2.0.1"
source = "registry+https://github.com/rust-lang/crates.io-index"
checksum = "f8fadd59c855ef2080decdef8ff161eb6661b86933c9d82e5ba29dc602a55aba"

[[package]]
name = "ttf-parser"
version = "0.21.1"
source = "registry+https://github.com/rust-lang/crates.io-index"
checksum = "2c591d83f69777866b9126b24c6dd9a18351f177e49d625920d19f989fd31cf8"

[[package]]
name = "woofwoof"
version = "1.0.2"
source = "registry+https://github.com/rust-lang/crates.io-index"
checksum = "6b724d1c19ed8a369027b646cedc4542cb9f6237190d400f75106c06627507a0"
dependencies = [
 "brotli",
 "cc",
]
